
Microsoft Visual Studio Solution File, Format Version 12.00
# Visual Studio Version 16
VisualStudioVersion = 16.0.31005.135
MinimumVisualStudioVersion = 10.0.40219.1
Project("{FAE04EC0-301F-11D3-BF4B-00C04F79EFBC}") = "CNC_CourseRegistration", "CNC_CourseRegistration\CNC_CourseRegistration.csproj", "{7B8CFBDE-8FD1-4DC2-BD23-EE12DEE87DF4}"
EndProject
Project("{FAE04EC0-301F-11D3-BF4B-00C04F79EFBC}") = "CNC_CourseRegistrationTests", "CNC_CourseRegistrationTests\CNC_CourseRegistrationTests.csproj", "{E2C55CFA-8A51-4C8C-8C71-D13E2F94C678}"
EndProject
Global
	GlobalSection(SolutionConfigurationPlatforms) = preSolution
		Debug|Any CPU = Debug|Any CPU
		Release|Any CPU = Release|Any CPU
	EndGlobalSection
	GlobalSection(ProjectConfigurationPlatforms) = postSolution
		{7B8CFBDE-8FD1-4DC2-BD23-EE12DEE87DF4}.Debug|Any CPU.ActiveCfg = Debug|Any CPU
		{7B8CFBDE-8FD1-4DC2-BD23-EE12DEE87DF4}.Debug|Any CPU.Build.0 = Debug|Any CPU
		{7B8CFBDE-8FD1-4DC2-BD23-EE12DEE87DF4}.Release|Any CPU.ActiveCfg = Release|Any CPU
		{7B8CFBDE-8FD1-4DC2-BD23-EE12DEE87DF4}.Release|Any CPU.Build.0 = Release|Any CPU
		{E2C55CFA-8A51-4C8C-8C71-D13E2F94C678}.Debug|Any CPU.ActiveCfg = Debug|Any CPU
		{E2C55CFA-8A51-4C8C-8C71-D13E2F94C678}.Debug|Any CPU.Build.0 = Debug|Any CPU
		{E2C55CFA-8A51-4C8C-8C71-D13E2F94C678}.Release|Any CPU.ActiveCfg = Release|Any CPU
		{E2C55CFA-8A51-4C8C-8C71-D13E2F94C678}.Release|Any CPU.Build.0 = Release|Any CPU
	EndGlobalSection
	GlobalSection(SolutionProperties) = preSolution
		HideSolutionNode = FALSE
	EndGlobalSection
	GlobalSection(ExtensibilityGlobals) = postSolution
		SolutionGuid = {D1419F33-E321-4F26-B9BE-D89A78BAD5F9}
	EndGlobalSection
EndGlobal
